{
	"name": "GameStreamingProj",
	"version": "0.0.1",
	"lockfileVersion": 1,
	"requires": true,
	"dependencies": {
		"diffhtml": {
			"version": "1.0.0-beta.12",
			"resolved": "https://registry.npmjs.org/diffhtml/-/diffhtml-1.0.0-beta.12.tgz",
			"integrity": "sha512-Tupjvz8Ow8LCCe4yeaW1WXPL1e02lpzWvKKAk78qmgoGkaSJ7I/vIWo4d+tvkkXzf9l2mV/IYY2h3RwzzON9Vg=="
		},
		"events": {
			"version": "3.1.0",
			"resolved": "https://registry.npmjs.org/events/-/events-3.1.0.tgz",
			"integrity": "sha512-Rv+u8MLHNOdMjTAFeT3nCjHn2aGlx435FP/sDHNaRhDEMwyI/aB22Kj2qIN8R0cw3z28psEQLYwxVKLsKrMgWg=="
		},
		"typescript": {
			"version": "3.8.3",
			"resolved": "https://registry.npmjs.org/typescript/-/typescript-3.8.3.tgz",
			"integrity": "sha512-MYlEfn5VrLNsgudQTVJeNaQFUAI7DkhnOjdpAp4T+ku1TfQClewlbSuTVHiA+8skNBgaf02TL/kLOvig4y3G8w==",
			"dev": true
		},
		"widgetsjs": {
			"version": "0.0.2-nightly.20",
			"resolved": "https://registry.npmjs.org/widgetsjs/-/widgetsjs-0.0.2-nightly.20.tgz",
			"integrity": "sha512-ZKpC6nVhJcE12iJNZXu0ngnMW5ZpdSriXLBhurVUFu64ehpR4e9nV0MCpZJiwxDGyZhEOXNFuKP8TMsX3gAbSQ==",
			"requires": {
				"diffhtml": "^1.0.0-beta.10",
				"events": "^3.0.0"
			}
		}
	}
}
